
Microsoft Visual Studio Solution File, Format Version 12.00
# Visual Studio 2013
VisualStudioVersion = 12.0.30723.0
MinimumVisualStudioVersion = 10.0.40219.1
Project("{2150E333-8FDC-42A3-9474-1A3956D46DE8}") = "capture-agent", "capture-agent", "{7459C0E6-18A3-46CD-9850-1E7A9AD96EDB}"
EndProject
Project("{2150E333-8FDC-42A3-9474-1A3956D46DE8}") = "core", "core", "{8CB05133-DC05-4041-ADBC-420E2BD5C041}"
EndProject
Project("{2150E333-8FDC-42A3-9474-1A3956D46DE8}") = "capture-server", "capture-server", "{2F913C3F-6490-493F-B4D9-AFE1C9075468}"
EndProject
Project("{FAE04EC0-301F-11D3-BF4B-00C04F79EFBC}") = "HttpPlayback.Shared", "core\HttpPlayback.Shared\HttpPlayback.Shared.csproj", "{37D0F615-278E-4753-B699-C1E8C6DAE25B}"
EndProject
Project("{FAE04EC0-301F-11D3-BF4B-00C04F79EFBC}") = "HttpCapture.Server.Core", "capture-server\HttpCapture.Server.Core\HttpCapture.Server.Core.csproj", "{A8884A58-F322-4AE3-87BE-798C3B26C9E1}"
EndProject
Project("{FAE04EC0-301F-11D3-BF4B-00C04F79EFBC}") = "HttpCapture.Shared", "core\HttpCapture.Shared\HttpCapture.Shared.csproj", "{7B354882-A0BC-47A2-BF5C-0E4014A13D2E}"
EndProject
Global
	GlobalSection(SolutionConfigurationPlatforms) = preSolution
		Debug|Any CPU = Debug|Any CPU
		Release|Any CPU = Release|Any CPU
	EndGlobalSection
	GlobalSection(ProjectConfigurationPlatforms) = postSolution
		{37D0F615-278E-4753-B699-C1E8C6DAE25B}.Debug|Any CPU.ActiveCfg = Debug|Any CPU
		{37D0F615-278E-4753-B699-C1E8C6DAE25B}.Debug|Any CPU.Build.0 = Debug|Any CPU
		{37D0F615-278E-4753-B699-C1E8C6DAE25B}.Release|Any CPU.ActiveCfg = Release|Any CPU
		{37D0F615-278E-4753-B699-C1E8C6DAE25B}.Release|Any CPU.Build.0 = Release|Any CPU
		{A8884A58-F322-4AE3-87BE-798C3B26C9E1}.Debug|Any CPU.ActiveCfg = Debug|Any CPU
		{A8884A58-F322-4AE3-87BE-798C3B26C9E1}.Debug|Any CPU.Build.0 = Debug|Any CPU
		{A8884A58-F322-4AE3-87BE-798C3B26C9E1}.Release|Any CPU.ActiveCfg = Release|Any CPU
		{A8884A58-F322-4AE3-87BE-798C3B26C9E1}.Release|Any CPU.Build.0 = Release|Any CPU
		{7B354882-A0BC-47A2-BF5C-0E4014A13D2E}.Debug|Any CPU.ActiveCfg = Debug|Any CPU
		{7B354882-A0BC-47A2-BF5C-0E4014A13D2E}.Debug|Any CPU.Build.0 = Debug|Any CPU
		{7B354882-A0BC-47A2-BF5C-0E4014A13D2E}.Release|Any CPU.ActiveCfg = Release|Any CPU
		{7B354882-A0BC-47A2-BF5C-0E4014A13D2E}.Release|Any CPU.Build.0 = Release|Any CPU
	EndGlobalSection
	GlobalSection(SolutionProperties) = preSolution
		HideSolutionNode = FALSE
	EndGlobalSection
	GlobalSection(NestedProjects) = preSolution
		{37D0F615-278E-4753-B699-C1E8C6DAE25B} = {8CB05133-DC05-4041-ADBC-420E2BD5C041}
		{A8884A58-F322-4AE3-87BE-798C3B26C9E1} = {2F913C3F-6490-493F-B4D9-AFE1C9075468}
		{7B354882-A0BC-47A2-BF5C-0E4014A13D2E} = {8CB05133-DC05-4041-ADBC-420E2BD5C041}
	EndGlobalSection
EndGlobal
